
Microsoft Visual Studio Solution File, Format Version 12.00
# Visual Studio Version 17
VisualStudioVersion = 17.1.32328.378
MinimumVisualStudioVersion = 10.0.40219.1
Project("{FAE04EC0-301F-11D3-BF4B-00C04F79EFBC}") = "D2hViewModel", "D2hViewModel\D2hViewModel.csproj", "{5A3056D1-BFB8-4024-AC0E-823FA9FD0900}"
EndProject
Project("{FAE04EC0-301F-11D3-BF4B-00C04F79EFBC}") = "ClassLibrary1", "ClassLibrary1\ClassLibrary1.csproj", "{98BE1021-87C6-4E13-B54A-0F098A04A989}"
EndProject
Global
	GlobalSection(SolutionConfigurationPlatforms) = preSolution
		Debug|Any CPU = Debug|Any CPU
		Release|Any CPU = Release|Any CPU
	EndGlobalSection
	GlobalSection(ProjectConfigurationPlatforms) = postSolution
		{5A3056D1-BFB8-4024-AC0E-823FA9FD0900}.Debug|Any CPU.ActiveCfg = Debug|Any CPU
		{5A3056D1-BFB8-4024-AC0E-823FA9FD0900}.Debug|Any CPU.Build.0 = Debug|Any CPU
		{5A3056D1-BFB8-4024-AC0E-823FA9FD0900}.Release|Any CPU.ActiveCfg = Release|Any CPU
		{5A3056D1-BFB8-4024-AC0E-823FA9FD0900}.Release|Any CPU.Build.0 = Release|Any CPU
		{98BE1021-87C6-4E13-B54A-0F098A04A989}.Debug|Any CPU.ActiveCfg = Debug|Any CPU
		{98BE1021-87C6-4E13-B54A-0F098A04A989}.Debug|Any CPU.Build.0 = Debug|Any CPU
		{98BE1021-87C6-4E13-B54A-0F098A04A989}.Release|Any CPU.ActiveCfg = Release|Any CPU
		{98BE1021-87C6-4E13-B54A-0F098A04A989}.Release|Any CPU.Build.0 = Release|Any CPU
	EndGlobalSection
	GlobalSection(SolutionProperties) = preSolution
		HideSolutionNode = FALSE
	EndGlobalSection
	GlobalSection(ExtensibilityGlobals) = postSolution
		SolutionGuid = {84507590-7A7A-4D9F-ADD3-8B832552DCF5}
	EndGlobalSection
EndGlobal
